
Microsoft Visual Studio Solution File, Format Version 12.00
# Visual Studio Version 16
VisualStudioVersion = 16.0.30309.148
MinimumVisualStudioVersion = 10.0.40219.1
Project("{FAE04EC0-301F-11D3-BF4B-00C04F79EFBC}") = "COP", "COP\COP.csproj", "{FF3A6C1B-D3E7-4BC4-AFB5-C96B39964231}"
EndProject
Project("{FAE04EC0-301F-11D3-BF4B-00C04F79EFBC}") = "ClassLibraryControlSelected", "ClassLibraryControlSelected\ClassLibraryControlSelected.csproj", "{69E1E8A4-5CAC-448C-8253-EF867FF25B23}"
EndProject
Project("{FAE04EC0-301F-11D3-BF4B-00C04F79EFBC}") = "_1stLabComponents", "_1stLabComponents\_1stLabComponents.csproj", "{E652FCED-F554-4D8E-8E9B-9C8C7C60FC36}"
EndProject
Project("{FAE04EC0-301F-11D3-BF4B-00C04F79EFBC}") = "_2ndLabComponents", "_2ndLabComponents\_2ndLabComponents.csproj", "{888AFBE7-C800-4A34-9FB0-2CF3AE63C6AF}"
EndProject
Project("{FAE04EC0-301F-11D3-BF4B-00C04F79EFBC}") = "CourierBusinessLogic", "CourierBusinessLogic\CourierBusinessLogic.csproj", "{D89EA5B3-9B6E-40D6-8FDC-B2BD1D411420}"
EndProject
Project("{FAE04EC0-301F-11D3-BF4B-00C04F79EFBC}") = "CourierView", "CourierView\CourierView.csproj", "{D3E4AA7E-D6FC-40D1-BF9B-5BEE8CA63BBB}"
EndProject
Project("{FAE04EC0-301F-11D3-BF4B-00C04F79EFBC}") = "CourierDatabaseImplement", "CourierDatabaseImplement\CourierDatabaseImplement.csproj", "{48A80190-99A0-446B-ADA4-B8E7D8D8E5FA}"
EndProject
Project("{FAE04EC0-301F-11D3-BF4B-00C04F79EFBC}") = "_4thLabComponents", "_4thLabComponents\_4thLabComponents.csproj", "{FF783128-3666-45F6-AF9C-274F465C92BC}"
EndProject
Project("{FAE04EC0-301F-11D3-BF4B-00C04F79EFBC}") = "_5thLabComponents", "_5thLabComponents\_5thLabComponents.csproj", "{3958716E-65A9-47D1-B34F-6A8CBAC557C1}"
EndProject
Project("{FAE04EC0-301F-11D3-BF4B-00C04F79EFBC}") = "_6thLabComponents", "_6thLabComponents\_6thLabComponents.csproj", "{29150F42-0D40-48B0-A707-D48DF9E25621}"
EndProject
Global
	GlobalSection(SolutionConfigurationPlatforms) = preSolution
		Debug|Any CPU = Debug|Any CPU
		Release|Any CPU = Release|Any CPU
	EndGlobalSection
	GlobalSection(ProjectConfigurationPlatforms) = postSolution
		{FF3A6C1B-D3E7-4BC4-AFB5-C96B39964231}.Debug|Any CPU.ActiveCfg = Debug|Any CPU
		{FF3A6C1B-D3E7-4BC4-AFB5-C96B39964231}.Debug|Any CPU.Build.0 = Debug|Any CPU
		{FF3A6C1B-D3E7-4BC4-AFB5-C96B39964231}.Release|Any CPU.ActiveCfg = Release|Any CPU
		{FF3A6C1B-D3E7-4BC4-AFB5-C96B39964231}.Release|Any CPU.Build.0 = Release|Any CPU
		{69E1E8A4-5CAC-448C-8253-EF867FF25B23}.Debug|Any CPU.ActiveCfg = Debug|Any CPU
		{69E1E8A4-5CAC-448C-8253-EF867FF25B23}.Debug|Any CPU.Build.0 = Debug|Any CPU
		{69E1E8A4-5CAC-448C-8253-EF867FF25B23}.Release|Any CPU.ActiveCfg = Release|Any CPU
		{69E1E8A4-5CAC-448C-8253-EF867FF25B23}.Release|Any CPU.Build.0 = Release|Any CPU
		{E652FCED-F554-4D8E-8E9B-9C8C7C60FC36}.Debug|Any CPU.ActiveCfg = Debug|Any CPU
		{E652FCED-F554-4D8E-8E9B-9C8C7C60FC36}.Debug|Any CPU.Build.0 = Debug|Any CPU
		{E652FCED-F554-4D8E-8E9B-9C8C7C60FC36}.Release|Any CPU.ActiveCfg = Release|Any CPU
		{E652FCED-F554-4D8E-8E9B-9C8C7C60FC36}.Release|Any CPU.Build.0 = Release|Any CPU
		{888AFBE7-C800-4A34-9FB0-2CF3AE63C6AF}.Debug|Any CPU.ActiveCfg = Debug|Any CPU
		{888AFBE7-C800-4A34-9FB0-2CF3AE63C6AF}.Debug|Any CPU.Build.0 = Debug|Any CPU
		{888AFBE7-C800-4A34-9FB0-2CF3AE63C6AF}.Release|Any CPU.ActiveCfg = Release|Any CPU
		{888AFBE7-C800-4A34-9FB0-2CF3AE63C6AF}.Release|Any CPU.Build.0 = Release|Any CPU
		{D89EA5B3-9B6E-40D6-8FDC-B2BD1D411420}.Debug|Any CPU.ActiveCfg = Debug|Any CPU
		{D89EA5B3-9B6E-40D6-8FDC-B2BD1D411420}.Debug|Any CPU.Build.0 = Debug|Any CPU
		{D89EA5B3-9B6E-40D6-8FDC-B2BD1D411420}.Release|Any CPU.ActiveCfg = Release|Any CPU
		{D89EA5B3-9B6E-40D6-8FDC-B2BD1D411420}.Release|Any CPU.Build.0 = Release|Any CPU
		{D3E4AA7E-D6FC-40D1-BF9B-5BEE8CA63BBB}.Debug|Any CPU.ActiveCfg = Debug|Any CPU
		{D3E4AA7E-D6FC-40D1-BF9B-5BEE8CA63BBB}.Debug|Any CPU.Build.0 = Debug|Any CPU
		{D3E4AA7E-D6FC-40D1-BF9B-5BEE8CA63BBB}.Release|Any CPU.ActiveCfg = Release|Any CPU
		{D3E4AA7E-D6FC-40D1-BF9B-5BEE8CA63BBB}.Release|Any CPU.Build.0 = Release|Any CPU
		{48A80190-99A0-446B-ADA4-B8E7D8D8E5FA}.Debug|Any CPU.ActiveCfg = Debug|Any CPU
		{48A80190-99A0-446B-ADA4-B8E7D8D8E5FA}.Debug|Any CPU.Build.0 = Debug|Any CPU
		{48A80190-99A0-446B-ADA4-B8E7D8D8E5FA}.Release|Any CPU.ActiveCfg = Release|Any CPU
		{48A80190-99A0-446B-ADA4-B8E7D8D8E5FA}.Release|Any CPU.Build.0 = Release|Any CPU
		{FF783128-3666-45F6-AF9C-274F465C92BC}.Debug|Any CPU.ActiveCfg = Debug|Any CPU
		{FF783128-3666-45F6-AF9C-274F465C92BC}.Debug|Any CPU.Build.0 = Debug|Any CPU
		{FF783128-3666-45F6-AF9C-274F465C92BC}.Release|Any CPU.ActiveCfg = Release|Any CPU
		{FF783128-3666-45F6-AF9C-274F465C92BC}.Release|Any CPU.Build.0 = Release|Any CPU
		{3958716E-65A9-47D1-B34F-6A8CBAC557C1}.Debug|Any CPU.ActiveCfg = Debug|Any CPU
		{3958716E-65A9-47D1-B34F-6A8CBAC557C1}.Debug|Any CPU.Build.0 = Debug|Any CPU
		{3958716E-65A9-47D1-B34F-6A8CBAC557C1}.Release|Any CPU.ActiveCfg = Release|Any CPU
		{3958716E-65A9-47D1-B34F-6A8CBAC557C1}.Release|Any CPU.Build.0 = Release|Any CPU
		{29150F42-0D40-48B0-A707-D48DF9E25621}.Debug|Any CPU.ActiveCfg = Debug|Any CPU
		{29150F42-0D40-48B0-A707-D48DF9E25621}.Debug|Any CPU.Build.0 = Debug|Any CPU
		{29150F42-0D40-48B0-A707-D48DF9E25621}.Release|Any CPU.ActiveCfg = Release|Any CPU
		{29150F42-0D40-48B0-A707-D48DF9E25621}.Release|Any CPU.Build.0 = Release|Any CPU
	EndGlobalSection
	GlobalSection(SolutionProperties) = preSolution
		HideSolutionNode = FALSE
	EndGlobalSection
	GlobalSection(ExtensibilityGlobals) = postSolution
		SolutionGuid = {D4994BE0-EB56-4D61-9CC4-560022238F4B}
	EndGlobalSection
EndGlobal
